// !$*UTF8*$!
{
	archiveVersion = 1;
	classes = {
	};
	objectVersion = 50;
	objects = {

/* Begin PBXBuildFile section */
		26CDCE74218F5E8E0015111C /* AppDelegate.swift in Sources */ = {isa = PBXBuildFile; fileRef = 26CDCE73218F5E8E0015111C /* AppDelegate.swift */; };
		26CDCE7B218F5E900015111C /* Assets.xcassets in Resources */ = {isa = PBXBuildFile; fileRef = 26CDCE7A218F5E900015111C /* Assets.xcassets */; };
		26CDCE7E218F5E900015111C /* LaunchScreen.storyboard in Resources */ = {isa = PBXBuildFile; fileRef = 26CDCE7C218F5E900015111C /* LaunchScreen.storyboard */; };
		26CDCE94218F61900015111C /* MainViewController.swift in Sources */ = {isa = PBXBuildFile; fileRef = 26CDCE92218F61900015111C /* MainViewController.swift */; };
		26CDCE95218F61900015111C /* MainViewController.xib in Resources */ = {isa = PBXBuildFile; fileRef = 26CDCE93218F61900015111C /* MainViewController.xib */; };
		26CDCE98218F6B720015111C /* MarvelViewController.swift in Sources */ = {isa = PBXBuildFile; fileRef = 26CDCE96218F6B720015111C /* MarvelViewController.swift */; };
		26CDCE99218F6B720015111C /* MarvelViewController.xib in Resources */ = {isa = PBXBuildFile; fileRef = 26CDCE97218F6B720015111C /* MarvelViewController.xib */; };
		26CDCE9C218F6C550015111C /* MarvelTableViewCell.swift in Sources */ = {isa = PBXBuildFile; fileRef = 26CDCE9A218F6C550015111C /* MarvelTableViewCell.swift */; };
		26CDCE9D218F6C550015111C /* MarvelTableViewCell.xib in Resources */ = {isa = PBXBuildFile; fileRef = 26CDCE9B218F6C550015111C /* MarvelTableViewCell.xib */; };
		26CDCE9F218F6F9A0015111C /* Character.swift in Sources */ = {isa = PBXBuildFile; fileRef = 26CDCE9E218F6F9A0015111C /* Character.swift */; };
		26CDCEA1218F70240015111C /* CharacterList.swift in Sources */ = {isa = PBXBuildFile; fileRef = 26CDCEA0218F70240015111C /* CharacterList.swift */; };
		26CDCEA3218F73DE0015111C /* DownloadCharacterList.swift in Sources */ = {isa = PBXBuildFile; fileRef = 26CDCEA2218F73DE0015111C /* DownloadCharacterList.swift */; };
		26CDCEA5218F75020015111C /* Constants.swift in Sources */ = {isa = PBXBuildFile; fileRef = 26CDCEA4218F75020015111C /* Constants.swift */; };
		68EC709CC23FD03F84D0E6FA /* Pods_examples.framework in Frameworks */ = {isa = PBXBuildFile; fileRef = 89BDB5045DCA4490FA0D734D /* Pods_examples.framework */; };
/* End PBXBuildFile section */

/* Begin PBXFileReference section */
		26CDCE70218F5E8E0015111C /* examples.app */ = {isa = PBXFileReference; explicitFileType = wrapper.application; includeInIndex = 0; path = examples.app; sourceTree = BUILT_PRODUCTS_DIR; };
		26CDCE73218F5E8E0015111C /* AppDelegate.swift */ = {isa = PBXFileReference; lastKnownFileType = sourcecode.swift; path = AppDelegate.swift; sourceTree = "<group>"; };
		26CDCE7A218F5E900015111C /* Assets.xcassets */ = {isa = PBXFileReference; lastKnownFileType = folder.assetcatalog; path = Assets.xcassets; sourceTree = "<group>"; };
		26CDCE7D218F5E900015111C /* Base */ = {isa = PBXFileReference; lastKnownFileType = file.storyboard; name = Base; path = Base.lproj/LaunchScreen.storyboard; sourceTree = "<group>"; };
		26CDCE7F218F5E900015111C /* Info.plist */ = {isa = PBXFileReference; lastKnownFileType = text.plist.xml; path = Info.plist; sourceTree = "<group>"; };
		26CDCE92218F61900015111C /* MainViewController.swift */ = {isa = PBXFileReference; lastKnownFileType = sourcecode.swift; path = MainViewController.swift; sourceTree = "<group>"; };
		26CDCE93218F61900015111C /* MainViewController.xib */ = {isa = PBXFileReference; lastKnownFileType = file.xib; path = MainViewController.xib; sourceTree = "<group>"; };
		26CDCE96218F6B720015111C /* MarvelViewController.swift */ = {isa = PBXFileReference; lastKnownFileType = sourcecode.swift; path = MarvelViewController.swift; sourceTree = "<group>"; };
		26CDCE97218F6B720015111C /* MarvelViewController.xib */ = {isa = PBXFileReference; lastKnownFileType = file.xib; path = MarvelViewController.xib; sourceTree = "<group>"; };
		26CDCE9A218F6C550015111C /* MarvelTableViewCell.swift */ = {isa = PBXFileReference; lastKnownFileType = sourcecode.swift; path = MarvelTableViewCell.swift; sourceTree = "<group>"; };
		26CDCE9B218F6C550015111C /* MarvelTableViewCell.xib */ = {isa = PBXFileReference; lastKnownFileType = file.xib; path = MarvelTableViewCell.xib; sourceTree = "<group>"; };
		26CDCE9E218F6F9A0015111C /* Character.swift */ = {isa = PBXFileReference; lastKnownFileType = sourcecode.swift; path = Character.swift; sourceTree = "<group>"; };
		26CDCEA0218F70240015111C /* CharacterList.swift */ = {isa = PBXFileReference; lastKnownFileType = sourcecode.swift; path = CharacterList.swift; sourceTree = "<group>"; };
		26CDCEA2218F73DE0015111C /* DownloadCharacterList.swift */ = {isa = PBXFileReference; lastKnownFileType = sourcecode.swift; path = DownloadCharacterList.swift; sourceTree = "<group>"; };
		26CDCEA4218F75020015111C /* Constants.swift */ = {isa = PBXFileReference; lastKnownFileType = sourcecode.swift; path = Constants.swift; sourceTree = "<group>"; };
		89BDB5045DCA4490FA0D734D /* Pods_examples.framework */ = {isa = PBXFileReference; explicitFileType = wrapper.framework; includeInIndex = 0; path = Pods_examples.framework; sourceTree = BUILT_PRODUCTS_DIR; };
		AB1F0EC5F11B970935B2690D /* Pods-examples.debug.xcconfig */ = {isa = PBXFileReference; includeInIndex = 1; lastKnownFileType = text.xcconfig; name = "Pods-examples.debug.xcconfig"; path = "Pods/Target Support Files/Pods-examples/Pods-examples.debug.xcconfig"; sourceTree = "<group>"; };
		EE808EE97E31CFF709EB4941 /* Pods-examples.release.xcconfig */ = {isa = PBXFileReference; includeInIndex = 1; lastKnownFileType = text.xcconfig; name = "Pods-examples.release.xcconfig"; path = "Pods/Target Support Files/Pods-examples/Pods-examples.release.xcconfig"; sourceTree = "<group>"; };
/* End PBXFileReference section */

/* Begin PBXFrameworksBuildPhase section */
		26CDCE6D218F5E8E0015111C /* Frameworks */ = {
			isa = PBXFrameworksBuildPhase;
			buildActionMask = 2147483647;
			files = (
				68EC709CC23FD03F84D0E6FA /* Pods_examples.framework in Frameworks */,
			);
			runOnlyForDeploymentPostprocessing = 0;
		};
/* End PBXFrameworksBuildPhase section */

/* Begin PBXGroup section */
		26CDCE67218F5E8E0015111C = {
			isa = PBXGroup;
			children = (
				26CDCE72218F5E8E0015111C /* examples */,
				26CDCE71218F5E8E0015111C /* Products */,
				AFEFB7444BE02331947C1B9D /* Pods */,
				AD2E45315E9C0411362C1C20 /* Frameworks */,
			);
			sourceTree = "<group>";
		};
		26CDCE71218F5E8E0015111C /* Products */ = {
			isa = PBXGroup;
			children = (
				26CDCE70218F5E8E0015111C /* examples.app */,
			);
			name = Products;
			sourceTree = "<group>";
		};
		26CDCE72218F5E8E0015111C /* examples */ = {
			isa = PBXGroup;
			children = (
				26CDCE86218F5FE00015111C /* Assets */,
				26CDCE85218F5FD20015111C /* Views */,
				26CDCE73218F5E8E0015111C /* AppDelegate.swift */,
				26CDCE7F218F5E900015111C /* Info.plist */,
			);
			path = examples;
			sourceTree = "<group>";
		};
		26CDCE85218F5FD20015111C /* Views */ = {
			isa = PBXGroup;
			children = (
				26CDCE88218F600B0015111C /* MarvelList */,
				26CDCE87218F60040015111C /* Main */,
				26CDCE7C218F5E900015111C /* LaunchScreen.storyboard */,
			);
			path = Views;
			sourceTree = "<group>";
		};
		26CDCE86218F5FE00015111C /* Assets */ = {
			isa = PBXGroup;
			children = (
				26CDCE7A218F5E900015111C /* Assets.xcassets */,
			);
			path = Assets;
			sourceTree = "<group>";
		};
		26CDCE87218F60040015111C /* Main */ = {
			isa = PBXGroup;
			children = (
				26CDCE92218F61900015111C /* MainViewController.swift */,
				26CDCE93218F61900015111C /* MainViewController.xib */,
			);
			path = Main;
			sourceTree = "<group>";
		};
		26CDCE88218F600B0015111C /* MarvelList */ = {
			isa = PBXGroup;
			children = (
				26CDCE89218F60580015111C /* ApiRest */,
				26CDCE8A218F60630015111C /* Realm */,
				26CDCE8B218F606C0015111C /* TableView */,
			);
			path = MarvelList;
			sourceTree = "<group>";
		};
		26CDCE89218F60580015111C /* ApiRest */ = {
			isa = PBXGroup;
			children = (
				26CDCE8D218F60850015111C /* Models */,
				26CDCE8C218F607E0015111C /* Params */,
				26CDCEA2218F73DE0015111C /* DownloadCharacterList.swift */,
			);
			path = ApiRest;
			sourceTree = "<group>";
		};
		26CDCE8A218F60630015111C /* Realm */ = {
			isa = PBXGroup;
			children = (
				26CDCE8F218F60970015111C /* Models */,
				26CDCE8E218F60920015111C /* Params */,
			);
			path = Realm;
			sourceTree = "<group>";
		};
		26CDCE8B218F606C0015111C /* TableView */ = {
			isa = PBXGroup;
			children = (
				26CDCE9A218F6C550015111C /* MarvelTableViewCell.swift */,
				26CDCE9B218F6C550015111C /* MarvelTableViewCell.xib */,
				26CDCE96218F6B720015111C /* MarvelViewController.swift */,
				26CDCE97218F6B720015111C /* MarvelViewController.xib */,
			);
			path = TableView;
			sourceTree = "<group>";
		};
		26CDCE8C218F607E0015111C /* Params */ = {
			isa = PBXGroup;
			children = (
				26CDCEA4218F75020015111C /* Constants.swift */,
			);
			path = Params;
			sourceTree = "<group>";
		};
		26CDCE8D218F60850015111C /* Models */ = {
			isa = PBXGroup;
			children = (
				26CDCE9E218F6F9A0015111C /* Character.swift */,
				26CDCEA0218F70240015111C /* CharacterList.swift */,
			);
			path = Models;
			sourceTree = "<group>";
		};
		26CDCE8E218F60920015111C /* Params */ = {
			isa = PBXGroup;
			children = (
			);
			path = Params;
			sourceTree = "<group>";
		};
		26CDCE8F218F60970015111C /* Models */ = {
			isa = PBXGroup;
			children = (
			);
			path = Models;
			sourceTree = "<group>";
		};
		AD2E45315E9C0411362C1C20 /* Frameworks */ = {
			isa = PBXGroup;
			children = (
				89BDB5045DCA4490FA0D734D /* Pods_examples.framework */,
			);
			name = Frameworks;
			sourceTree = "<group>";
		};
		AFEFB7444BE02331947C1B9D /* Pods */ = {
			isa = PBXGroup;
			children = (
				AB1F0EC5F11B970935B2690D /* Pods-examples.debug.xcconfig */,
				EE808EE97E31CFF709EB4941 /* Pods-examples.release.xcconfig */,
			);
			name = Pods;
			sourceTree = "<group>";
		};
/* End PBXGroup section */

/* Begin PBXNativeTarget section */
		26CDCE6F218F5E8E0015111C /* examples */ = {
			isa = PBXNativeTarget;
			buildConfigurationList = 26CDCE82218F5E900015111C /* Build configuration list for PBXNativeTarget "examples" */;
			buildPhases = (
				01260BD78F36430B7A160B73 /* [CP] Check Pods Manifest.lock */,
				26CDCE6C218F5E8E0015111C /* Sources */,
				26CDCE6D218F5E8E0015111C /* Frameworks */,
				26CDCE6E218F5E8E0015111C /* Resources */,
				BC1165DDD109782E18478481 /* [CP] Embed Pods Frameworks */,
			);
			buildRules = (
			);
			dependencies = (
			);
			name = examples;
			productName = examples;
			productReference = 26CDCE70218F5E8E0015111C /* examples.app */;
			productType = "com.apple.product-type.application";
		};
/* End PBXNativeTarget section */

/* Begin PBXProject section */
		26CDCE68218F5E8E0015111C /* Project object */ = {
			isa = PBXProject;
			attributes = {
				LastSwiftUpdateCheck = 0940;
				LastUpgradeCheck = 0940;
				ORGANIZATIONNAME = mcolmenero;
				TargetAttributes = {
					26CDCE6F218F5E8E0015111C = {
						CreatedOnToolsVersion = 9.4.1;
					};
				};
			};
			buildConfigurationList = 26CDCE6B218F5E8E0015111C /* Build configuration list for PBXProject "examples" */;
			compatibilityVersion = "Xcode 9.3";
			developmentRegion = en;
			hasScannedForEncodings = 0;
			knownRegions = (
				en,
				Base,
			);
			mainGroup = 26CDCE67218F5E8E0015111C;
			productRefGroup = 26CDCE71218F5E8E0015111C /* Products */;
			projectDirPath = "";
			projectRoot = "";
			targets = (
				26CDCE6F218F5E8E0015111C /* examples */,
			);
		};
/* End PBXProject section */

/* Begin PBXResourcesBuildPhase section */
		26CDCE6E218F5E8E0015111C /* Resources */ = {
			isa = PBXResourcesBuildPhase;
			buildActionMask = 2147483647;
			files = (
				26CDCE7E218F5E900015111C /* LaunchScreen.storyboard in Resources */,
				26CDCE95218F61900015111C /* MainViewController.xib in Resources */,
				26CDCE9D218F6C550015111C /* MarvelTableViewCell.xib in Resources */,
				26CDCE7B218F5E900015111C /* Assets.xcassets in Resources */,
				26CDCE99218F6B720015111C /* MarvelViewController.xib in Resources */,
			);
			runOnlyForDeploymentPostprocessing = 0;
		};
/* End PBXResourcesBuildPhase section */

/* Begin PBXShellScriptBuildPhase section */
		01260BD78F36430B7A160B73 /* [CP] Check Pods Manifest.lock */ = {
			isa = PBXShellScriptBuildPhase;
			buildActionMask = 2147483647;
			files = (
			);
			inputPaths = (
				"${PODS_PODFILE_DIR_PATH}/Podfile.lock",
				"${PODS_ROOT}/Manifest.lock",
			);
			name = "[CP] Check Pods Manifest.lock";
			outputPaths = (
				"$(DERIVED_FILE_DIR)/Pods-examples-checkManifestLockResult.txt",
			);
			runOnlyForDeploymentPostprocessing = 0;
			shellPath = /bin/sh;
			shellScript = "diff \"${PODS_PODFILE_DIR_PATH}/Podfile.lock\" \"${PODS_ROOT}/Manifest.lock\" > /dev/null\nif [ $? != 0 ] ; then\n    # print error to STDERR\n    echo \"error: The sandbox is not in sync with the Podfile.lock. Run 'pod install' or update your CocoaPods installation.\" >&2\n    exit 1\nfi\n# This output is used by Xcode 'outputs' to avoid re-running this script phase.\necho \"SUCCESS\" > \"${SCRIPT_OUTPUT_FILE_0}\"\n";
			showEnvVarsInLog = 0;
		};
		BC1165DDD109782E18478481 /* [CP] Embed Pods Frameworks */ = {
			isa = PBXShellScriptBuildPhase;
			buildActionMask = 2147483647;
			files = (
			);
			inputPaths = (
				"${SRCROOT}/Pods/Target Support Files/Pods-examples/Pods-examples-frameworks.sh",
				"${BUILT_PRODUCTS_DIR}/Realm/Realm.framework",
				"${BUILT_PRODUCTS_DIR}/RealmSwift/RealmSwift.framework",
				"${BUILT_PRODUCTS_DIR}/SwiftHash/SwiftHash.framework",
			);
			name = "[CP] Embed Pods Frameworks";
			outputPaths = (
				"${TARGET_BUILD_DIR}/${FRAMEWORKS_FOLDER_PATH}/Realm.framework",
				"${TARGET_BUILD_DIR}/${FRAMEWORKS_FOLDER_PATH}/RealmSwift.framework",
				"${TARGET_BUILD_DIR}/${FRAMEWORKS_FOLDER_PATH}/SwiftHash.framework",
			);
			runOnlyForDeploymentPostprocessing = 0;
			shellPath = /bin/sh;
			shellScript = "\"${SRCROOT}/Pods/Target Support Files/Pods-examples/Pods-examples-frameworks.sh\"\n";
			showEnvVarsInLog = 0;
		};
/* End PBXShellScriptBuildPhase section */

/* Begin PBXSourcesBuildPhase section */
		26CDCE6C218F5E8E0015111C /* Sources */ = {
			isa = PBXSourcesBuildPhase;
			buildActionMask = 2147483647;
			files = (
				26CDCE98218F6B720015111C /* MarvelViewController.swift in Sources */,
				26CDCE74218F5E8E0015111C /* AppDelegate.swift in Sources */,
				26CDCE9F218F6F9A0015111C /* Character.swift in Sources */,
				26CDCEA1218F70240015111C /* CharacterList.swift in Sources */,
				26CDCE9C218F6C550015111C /* MarvelTableViewCell.swift in Sources */,
				26CDCEA3218F73DE0015111C /* DownloadCharacterList.swift in Sources */,
				26CDCE94218F61900015111C /* MainViewController.swift in Sources */,
				26CDCEA5218F75020015111C /* Constants.swift in Sources */,
			);
			runOnlyForDeploymentPostprocessing = 0;
		};
/* End PBXSourcesBuildPhase section */

/* Begin PBXVariantGroup section */
		26CDCE7C218F5E900015111C /* LaunchScreen.storyboard */ = {
			isa = PBXVariantGroup;
			children = (
				26CDCE7D218F5E900015111C /* Base */,
			);
			name = LaunchScreen.storyboard;
			sourceTree = "<group>";
		};
/* End PBXVariantGroup section */

/* Begin XCBuildConfiguration section */
		26CDCE80218F5E900015111C /* Debug */ = {
			isa = XCBuildConfiguration;
			buildSettings = {
				ALWAYS_SEARCH_USER_PATHS = NO;
				CLANG_ANALYZER_NONNULL = YES;
				CLANG_ANALYZER_NUMBER_OBJECT_CONVERSION = YES_AGGRESSIVE;
				CLANG_CXX_LANGUAGE_STANDARD = "gnu++14";
				CLANG_CXX_LIBRARY = "libc++";
				CLANG_ENABLE_MODULES = YES;
				CLANG_ENABLE_OBJC_ARC = YES;
				CLANG_ENABLE_OBJC_WEAK = YES;
				CLANG_WARN_BLOCK_CAPTURE_AUTORELEASING = YES;
				CLANG_WARN_BOOL_CONVERSION = YES;
				CLANG_WARN_COMMA = YES;
				CLANG_WARN_CONSTANT_CONVERSION = YES;
				CLANG_WARN_DEPRECATED_OBJC_IMPLEMENTATIONS = YES;
				CLANG_WARN_DIRECT_OBJC_ISA_USAGE = YES_ERROR;
				CLANG_WARN_DOCUMENTATION_COMMENTS = YES;
				CLANG_WARN_EMPTY_BODY = YES;
				CLANG_WARN_ENUM_CONVERSION = YES;
				CLANG_WARN_INFINITE_RECURSION = YES;
				CLANG_WARN_INT_CONVERSION = YES;
				CLANG_WARN_NON_LITERAL_NULL_CONVERSION = YES;
				CLANG_WARN_OBJC_IMPLICIT_RETAIN_SELF = YES;
				CLANG_WARN_OBJC_LITERAL_CONVERSION = YES;
				CLANG_WARN_OBJC_ROOT_CLASS = YES_ERROR;
				CLANG_WARN_RANGE_LOOP_ANALYSIS = YES;
				CLANG_WARN_STRICT_PROTOTYPES = YES;
				CLANG_WARN_SUSPICIOUS_MOVE = YES;
				CLANG_WARN_UNGUARDED_AVAILABILITY = YES_AGGRESSIVE;
				CLANG_WARN_UNREACHABLE_CODE = YES;
				CLANG_WARN__DUPLICATE_METHOD_MATCH = YES;
				CODE_SIGN_IDENTITY = "iPhone Developer";
				COPY_PHASE_STRIP = NO;
				DEBUG_INFORMATION_FORMAT = dwarf;
				ENABLE_STRICT_OBJC_MSGSEND = YES;
				ENABLE_TESTABILITY = YES;
				GCC_C_LANGUAGE_STANDARD = gnu11;
				GCC_DYNAMIC_NO_PIC = NO;
				GCC_NO_COMMON_BLOCKS = YES;
				GCC_OPTIMIZATION_LEVEL = 0;
				GCC_PREPROCESSOR_DEFINITIONS = (
					"DEBUG=1",
					"$(inherited)",
				);
				GCC_WARN_64_TO_32_BIT_CONVERSION = YES;
				GCC_WARN_ABOUT_RETURN_TYPE = YES_ERROR;
				GCC_WARN_UNDECLARED_SELECTOR = YES;
				GCC_WARN_UNINITIALIZED_AUTOS = YES_AGGRESSIVE;
				GCC_WARN_UNUSED_FUNCTION = YES;
				GCC_WARN_UNUSED_VARIABLE = YES;
				IPHONEOS_DEPLOYMENT_TARGET = 11.4;
				MTL_ENABLE_DEBUG_INFO = YES;
				ONLY_ACTIVE_ARCH = YES;
				SDKROOT = iphoneos;
				SWIFT_ACTIVE_COMPILATION_CONDITIONS = DEBUG;
				SWIFT_OPTIMIZATION_LEVEL = "-Onone";
			};
			name = Debug;
		};
		26CDCE81218F5E900015111C /* Release */ = {
			isa = XCBuildConfiguration;
			buildSettings = {
				ALWAYS_SEARCH_USER_PATHS = NO;
				CLANG_ANALYZER_NONNULL = YES;
				CLANG_ANALYZER_NUMBER_OBJECT_CONVERSION = YES_AGGRESSIVE;
				CLANG_CXX_LANGUAGE_STANDARD = "gnu++14";
				CLANG_CXX_LIBRARY = "libc++";
				CLANG_ENABLE_MODULES = YES;
				CLANG_ENABLE_OBJC_ARC = YES;
				CLANG_ENABLE_OBJC_WEAK = YES;
				CLANG_WARN_BLOCK_CAPTURE_AUTORELEASING = YES;
				CLANG_WARN_BOOL_CONVERSION = YES;
				CLANG_WARN_COMMA = YES;
				CLANG_WARN_CONSTANT_CONVERSION = YES;
				CLANG_WARN_DEPRECATED_OBJC_IMPLEMENTATIONS = YES;
				CLANG_WARN_DIRECT_OBJC_ISA_USAGE = YES_ERROR;
				CLANG_WARN_DOCUMENTATION_COMMENTS = YES;
				CLANG_WARN_EMPTY_BODY = YES;
				CLANG_WARN_ENUM_CONVERSION = YES;
				CLANG_WARN_INFINITE_RECURSION = YES;
				CLANG_WARN_INT_CONVERSION = YES;
				CLANG_WARN_NON_LITERAL_NULL_CONVERSION = YES;
				CLANG_WARN_OBJC_IMPLICIT_RETAIN_SELF = YES;
				CLANG_WARN_OBJC_LITERAL_CONVERSION = YES;
				CLANG_WARN_OBJC_ROOT_CLASS = YES_ERROR;
				CLANG_WARN_RANGE_LOOP_ANALYSIS = YES;
				CLANG_WARN_STRICT_PROTOTYPES = YES;
				CLANG_WARN_SUSPICIOUS_MOVE = YES;
				CLANG_WARN_UNGUARDED_AVAILABILITY = YES_AGGRESSIVE;
				CLANG_WARN_UNREACHABLE_CODE = YES;
				CLANG_WARN__DUPLICATE_METHOD_MATCH = YES;
				CODE_SIGN_IDENTITY = "iPhone Developer";
				COPY_PHASE_STRIP = NO;
				DEBUG_INFORMATION_FORMAT = "dwarf-with-dsym";
				ENABLE_NS_ASSERTIONS = NO;
				ENABLE_STRICT_OBJC_MSGSEND = YES;
				GCC_C_LANGUAGE_STANDARD = gnu11;
				GCC_NO_COMMON_BLOCKS = YES;
				GCC_WARN_64_TO_32_BIT_CONVERSION = YES;
				GCC_WARN_ABOUT_RETURN_TYPE = YES_ERROR;
				GCC_WARN_UNDECLARED_SELECTOR = YES;
				GCC_WARN_UNINITIALIZED_AUTOS = YES_AGGRESSIVE;
				GCC_WARN_UNUSED_FUNCTION = YES;
				GCC_WARN_UNUSED_VARIABLE = YES;
				IPHONEOS_DEPLOYMENT_TARGET = 11.4;
				MTL_ENABLE_DEBUG_INFO = NO;
				SDKROOT = iphoneos;
				SWIFT_COMPILATION_MODE = wholemodule;
				SWIFT_OPTIMIZATION_LEVEL = "-O";
				VALIDATE_PRODUCT = YES;
			};
			name = Release;
		};
		26CDCE83218F5E900015111C /* Debug */ = {
			isa = XCBuildConfiguration;
			baseConfigurationReference = AB1F0EC5F11B970935B2690D /* Pods-examples.debug.xcconfig */;
			buildSettings = {
				ASSETCATALOG_COMPILER_APPICON_NAME = AppIcon;
				CODE_SIGN_STYLE = Automatic;
				DEVELOPMENT_TEAM = B22V7BYS9J;
				INFOPLIST_FILE = examples/Info.plist;
				LD_RUNPATH_SEARCH_PATHS = (
					"$(inherited)",
					"@executable_path/Frameworks",
				);
				PRODUCT_BUNDLE_IDENTIFIER = es.mcolmenero.examples;
				PRODUCT_NAME = "$(TARGET_NAME)";
				SWIFT_VERSION = 4.0;
				TARGETED_DEVICE_FAMILY = "1,2";
			};
			name = Debug;
		};
		26CDCE84218F5E900015111C /* Release */ = {
			isa = XCBuildConfiguration;
			baseConfigurationReference = EE808EE97E31CFF709EB4941 /* Pods-examples.release.xcconfig */;
			buildSettings = {
				ASSETCATALOG_COMPILER_APPICON_NAME = AppIcon;
				CODE_SIGN_STYLE = Automatic;
				DEVELOPMENT_TEAM = B22V7BYS9J;
				INFOPLIST_FILE = examples/Info.plist;
				LD_RUNPATH_SEARCH_PATHS = (
					"$(inherited)",
					"@executable_path/Frameworks",
				);
				PRODUCT_BUNDLE_IDENTIFIER = es.mcolmenero.examples;
				PRODUCT_NAME = "$(TARGET_NAME)";
				SWIFT_VERSION = 4.0;
				TARGETED_DEVICE_FAMILY = "1,2";
			};
			name = Release;
		};
/* End XCBuildConfiguration section */

/* Begin XCConfigurationList section */
		26CDCE6B218F5E8E0015111C /* Build configuration list for PBXProject "examples" */ = {
			isa = XCConfigurationList;
			buildConfigurations = (
				26CDCE80218F5E900015111C /* Debug */,
				26CDCE81218F5E900015111C /* Release */,
			);
			defaultConfigurationIsVisible = 0;
			defaultConfigurationName = Release;
		};
		26CDCE82218F5E900015111C /* Build configuration list for PBXNativeTarget "examples" */ = {
			isa = XCConfigurationList;
			buildConfigurations = (
				26CDCE83218F5E900015111C /* Debug */,
				26CDCE84218F5E900015111C /* Release */,
			);
			defaultConfigurationIsVisible = 0;
			defaultConfigurationName = Release;
		};
/* End XCConfigurationList section */
	};
	rootObject = 26CDCE68218F5E8E0015111C /* Project object */;
}
